
Microsoft Visual Studio Solution File, Format Version 12.00
# Visual Studio 15
VisualStudioVersion = 15.0.28307.271
MinimumVisualStudioVersion = 10.0.40219.1
Project("{FAE04EC0-301F-11D3-BF4B-00C04F79EFBC}") = "WhileIterations", "WhileIterations\WhileIterations.csproj", "{0C0AA88C-83CE-41FE-9B40-A102F5DB3716}"
EndProject
Global
	GlobalSection(SolutionConfigurationPlatforms) = preSolution
		Debug|Any CPU = Debug|Any CPU
		Release|Any CPU = Release|Any CPU
	EndGlobalSection
	GlobalSection(ProjectConfigurationPlatforms) = postSolution
		{0C0AA88C-83CE-41FE-9B40-A102F5DB3716}.Debug|Any CPU.ActiveCfg = Debug|Any CPU
		{0C0AA88C-83CE-41FE-9B40-A102F5DB3716}.Debug|Any CPU.Build.0 = Debug|Any CPU
		{0C0AA88C-83CE-41FE-9B40-A102F5DB3716}.Release|Any CPU.ActiveCfg = Release|Any CPU
		{0C0AA88C-83CE-41FE-9B40-A102F5DB3716}.Release|Any CPU.Build.0 = Release|Any CPU
	EndGlobalSection
	GlobalSection(SolutionProperties) = preSolution
		HideSolutionNode = FALSE
	EndGlobalSection
	GlobalSection(ExtensibilityGlobals) = postSolution
		SolutionGuid = {9308B73B-676B-4510-B36E-C0C5259FDE31}
	EndGlobalSection
EndGlobal
